
Microsoft Visual Studio Solution File, Format Version 12.00
# Visual Studio Version 16
VisualStudioVersion = 16.0.29102.190
MinimumVisualStudioVersion = 10.0.40219.1
Project("{FAE04EC0-301F-11D3-BF4B-00C04F79EFBC}") = "mymusicwakawaka", "mymusicwakawaka\mymusicwakawaka.csproj", "{D04B6012-D2A9-4BA8-8D92-944F68F8394E}"
EndProject
Global
	GlobalSection(SolutionConfigurationPlatforms) = preSolution
		Debug|Any CPU = Debug|Any CPU
		Release|Any CPU = Release|Any CPU
	EndGlobalSection
	GlobalSection(ProjectConfigurationPlatforms) = postSolution
		{D04B6012-D2A9-4BA8-8D92-944F68F8394E}.Debug|Any CPU.ActiveCfg = Debug|Any CPU
		{D04B6012-D2A9-4BA8-8D92-944F68F8394E}.Debug|Any CPU.Build.0 = Debug|Any CPU
		{D04B6012-D2A9-4BA8-8D92-944F68F8394E}.Release|Any CPU.ActiveCfg = Release|Any CPU
		{D04B6012-D2A9-4BA8-8D92-944F68F8394E}.Release|Any CPU.Build.0 = Release|Any CPU
	EndGlobalSection
	GlobalSection(SolutionProperties) = preSolution
		HideSolutionNode = FALSE
	EndGlobalSection
	GlobalSection(ExtensibilityGlobals) = postSolution
		SolutionGuid = {8D3169C0-63CF-4FFE-9624-6783654DE611}
	EndGlobalSection
EndGlobal
